{
    "_readme": [
        "This file locks the dependencies of your project to a known state",
        "Read more about it at http://getcomposer.org/doc/01-basic-usage.md#composer-lock-the-lock-file",
        "This file is @generated automatically"
    ],
    "hash": "e577068dead65f2631599137aea136f2",
    "packages": [
        {
            "name": "clippings/freezable",
            "version": "0.2.0",
            "source": {
                "type": "git",
                "url": "https://github.com/clippings/freezable.git",
                "reference": "8c3b74f2e5bca8811006f13aef8aeee99bd3e55a"
            },
            "dist": {
                "type": "zip",
                "url": "https://api.github.com/repos/clippings/freezable/zipball/8c3b74f2e5bca8811006f13aef8aeee99bd3e55a",
                "reference": "8c3b74f2e5bca8811006f13aef8aeee99bd3e55a",
                "shasum": ""
            },
            "require": {
                "php": ">=5.4"
            },
            "type": "library",
            "extra": {
                "branch-alias": {
                    "dev-master": "0.1.x-dev"
                }
            },
            "autoload": {
                "psr-4": {
                    "Clippings\\Freezable\\": "src/"
                }
            },
            "notification-url": "https://packagist.org/downloads/",
            "license": [
                "BSD-3-Clause"
            ],
            "authors": [
                {
                    "name": "Haralan Dobrev",
                    "email": "hkdobrev@gmail.com",
                    "role": "Author"
                }
            ],
            "description": "Freeze values in objects",
            "time": "2014-10-17 12:21:06"
        },
        {
            "name": "composer/installers",
            "version": "v1.0.21",
            "source": {
                "type": "git",
                "url": "https://github.com/composer/installers.git",
                "reference": "d64e23fce42a4063d63262b19b8e7c0f3b5e4c45"
            },
            "dist": {
                "type": "zip",
                "url": "https://api.github.com/repos/composer/installers/zipball/d64e23fce42a4063d63262b19b8e7c0f3b5e4c45",
                "reference": "d64e23fce42a4063d63262b19b8e7c0f3b5e4c45",
                "shasum": ""
            },
            "replace": {
                "roundcube/plugin-installer": "*",
                "shama/baton": "*"
            },
            "require-dev": {
                "composer/composer": "1.0.*@dev",
                "phpunit/phpunit": "4.1.*"
            },
            "type": "composer-installer",
            "extra": {
                "class": "Composer\\Installers\\Installer",
                "branch-alias": {
                    "dev-master": "1.0-dev"
                }
            },
            "autoload": {
                "psr-0": {
                    "Composer\\Installers\\": "src/"
                }
            },
            "notification-url": "https://packagist.org/downloads/",
            "license": [
                "MIT"
            ],
            "authors": [
                {
                    "name": "Kyle Robinson Young",
                    "email": "kyle@dontkry.com",
                    "homepage": "https://github.com/shama"
                }
            ],
            "description": "A multi-framework Composer library installer",
            "homepage": "http://composer.github.com/installers/",
            "keywords": [
                "Craft",
                "Dolibarr",
                "Hurad",
                "MODX Evo",
                "OXID",
                "SMF",
                "Thelia",
                "WolfCMS",
                "agl",
                "aimeos",
                "annotatecms",
                "bitrix",
                "cakephp",
                "chef",
                "codeigniter",
                "concrete5",
                "croogo",
                "dokuwiki",
                "drupal",
                "elgg",
                "fuelphp",
                "grav",
                "installer",
                "joomla",
                "kohana",
                "laravel",
                "lithium",
                "magento",
                "mako",
                "mediawiki",
                "modulework",
                "moodle",
                "phpbb",
                "piwik",
                "ppi",
                "puppet",
                "roundcube",
                "shopware",
                "silverstripe",
                "symfony",
                "typo3",
                "wordpress",
                "zend",
                "zikula"
            ],
            "time": "2015-02-18 17:17:01"
        },
        {
            "name": "desarrolla2/cache",
            "version": "v1.6.0",
            "source": {
                "type": "git",
                "url": "https://github.com/desarrolla2/Cache.git",
                "reference": "8b6719695ac68380f11e89920ce456665079391e"
            },
            "dist": {
                "type": "zip",
                "url": "https://api.github.com/repos/desarrolla2/Cache/zipball/8b6719695ac68380f11e89920ce456665079391e",
                "reference": "8b6719695ac68380f11e89920ce456665079391e",
                "shasum": ""
            },
            "require": {
                "php": ">=5.3.0"
            },
            "require-dev": {
                "desarrolla2/timer": "dev-master",
                "raulfraile/ladybug": "master-dev"
            },
            "type": "library",
            "autoload": {
                "psr-0": {
                    "Desarrolla2\\Cache\\": "src/"
                }
            },
            "notification-url": "https://packagist.org/downloads/",
            "license": [
                "MIT"
            ],
            "authors": [
                {
                    "name": "Daniel González",
                    "homepage": "http://desarrolla2.com/",
                    "role": "Developer"
                }
            ],
            "description": "Provides an cache interface for several adapters (Apc, File, Mongo, Memcached, Mysql, ... )",
            "homepage": "https://github.com/desarrolla2/Cache/blob/master/README.md",
            "keywords": [
                "apc",
                "cache",
                "file",
                "memcached",
                "mongo",
                "mysql",
                "redis"
            ],
            "time": "2013-07-10 12:22:00"
        },
        {
            "name": "guzzle/guzzle",
            "version": "v3.9.3",
            "source": {
                "type": "git",
                "url": "https://github.com/guzzle/guzzle3.git",
                "reference": "0645b70d953bc1c067bbc8d5bc53194706b628d9"
            },
            "dist": {
                "type": "zip",
                "url": "https://api.github.com/repos/guzzle/guzzle3/zipball/0645b70d953bc1c067bbc8d5bc53194706b628d9",
                "reference": "0645b70d953bc1c067bbc8d5bc53194706b628d9",
                "shasum": ""
            },
            "require": {
                "ext-curl": "*",
                "php": ">=5.3.3",
                "symfony/event-dispatcher": "~2.1"
            },
            "replace": {
                "guzzle/batch": "self.version",
                "guzzle/cache": "self.version",
                "guzzle/common": "self.version",
                "guzzle/http": "self.version",
                "guzzle/inflection": "self.version",
                "guzzle/iterator": "self.version",
                "guzzle/log": "self.version",
                "guzzle/parser": "self.version",
                "guzzle/plugin": "self.version",
                "guzzle/plugin-async": "self.version",
                "guzzle/plugin-backoff": "self.version",
                "guzzle/plugin-cache": "self.version",
                "guzzle/plugin-cookie": "self.version",
                "guzzle/plugin-curlauth": "self.version",
                "guzzle/plugin-error-response": "self.version",
                "guzzle/plugin-history": "self.version",
                "guzzle/plugin-log": "self.version",
                "guzzle/plugin-md5": "self.version",
                "guzzle/plugin-mock": "self.version",
                "guzzle/plugin-oauth": "self.version",
                "guzzle/service": "self.version",
                "guzzle/stream": "self.version"
            },
            "require-dev": {
                "doctrine/cache": "~1.3",
                "monolog/monolog": "~1.0",
                "phpunit/phpunit": "3.7.*",
                "psr/log": "~1.0",
                "symfony/class-loader": "~2.1",
                "zendframework/zend-cache": "2.*,<2.3",
                "zendframework/zend-log": "2.*,<2.3"
            },
            "suggest": {
                "guzzlehttp/guzzle": "Guzzle 5 has moved to a new package name. The package you have installed, Guzzle 3, is deprecated."
            },
            "type": "library",
            "extra": {
                "branch-alias": {
                    "dev-master": "3.9-dev"
                }
            },
            "autoload": {
                "psr-0": {
                    "Guzzle": "src/",
                    "Guzzle\\Tests": "tests/"
                }
            },
            "notification-url": "https://packagist.org/downloads/",
            "license": [
                "MIT"
            ],
            "authors": [
                {
                    "name": "Michael Dowling",
                    "email": "mtdowling@gmail.com",
                    "homepage": "https://github.com/mtdowling"
                },
                {
                    "name": "Guzzle Community",
                    "homepage": "https://github.com/guzzle/guzzle/contributors"
                }
            ],
            "description": "PHP HTTP client. This library is deprecated in favor of https://packagist.org/packages/guzzlehttp/guzzle",
            "homepage": "http://guzzlephp.org/",
            "keywords": [
                "client",
                "curl",
                "framework",
                "http",
                "http client",
                "rest",
                "web service"
            ],
            "time": "2015-03-18 18:23:50"
        },
        {
            "name": "omnipay/common",
            "version": "v2.3.4",
            "source": {
                "type": "git",
                "url": "https://github.com/thephpleague/omnipay-common.git",
                "reference": "fcd5a606713d11536c89315a5ae02d965a737c21"
            },
            "dist": {
                "type": "zip",
                "url": "https://api.github.com/repos/thephpleague/omnipay-common/zipball/fcd5a606713d11536c89315a5ae02d965a737c21",
                "reference": "fcd5a606713d11536c89315a5ae02d965a737c21",
                "shasum": ""
            },
            "require": {
                "guzzle/guzzle": "~3.9",
                "php": ">=5.3.2",
                "symfony/http-foundation": "~2.1"
            },
            "require-dev": {
                "omnipay/tests": "~2.0"
            },
            "type": "library",
            "extra": {
                "branch-alias": {
                    "dev-master": "2.0.x-dev"
                },
                "gateways": [
                    "AuthorizeNet_AIM",
                    "AuthorizeNet_SIM",
                    "Buckaroo",
                    "Buckaroo_Ideal",
                    "Buckaroo_PayPal",
                    "CardSave",
                    "Coinbase",
                    "Dummy",
                    "Eway_Rapid",
                    "FirstData_Connect",
                    "GoCardless",
                    "Manual",
                    "Migs_ThreeParty",
                    "Migs_TwoParty",
                    "Mollie",
                    "MultiSafepay",
                    "Netaxept",
                    "NetBanx",
                    "PayFast",
                    "Payflow_Pro",
                    "PaymentExpress_PxPay",
                    "PaymentExpress_PxPost",
                    "PayPal_Express",
                    "PayPal_Pro",
                    "Pin",
                    "SagePay_Direct",
                    "SagePay_Server",
                    "SecurePay_DirectPost",
                    "Stripe",
                    "TargetPay_Directebanking",
                    "TargetPay_Ideal",
                    "TargetPay_Mrcash",
                    "TwoCheckout",
                    "WorldPay",
                    "Alipay Bank",
                    "AliPay Dual Func",
                    "Alipay Express",
                    "Alipay Mobile Express",
                    "Alipay Secured",
                    "Alipay Wap Express",
                    "Cybersource",
                    "DataCash",
                    "Ecopayz",
                    "Neteller",
                    "Pacnet",
                    "PaymentSense",
                    "Realex Remote",
                    "SecPay (PayPoint.net)",
                    "Sisow",
                    "Skrill",
                    "YandexMoney",
                    "YandexMoneyIndividual"
                ]
            },
            "autoload": {
                "psr-0": {
                    "Omnipay\\Common\\": "src/"
                },
                "classmap": [
                    "src/Omnipay/Omnipay.php"
                ]
            },
            "notification-url": "https://packagist.org/downloads/",
            "license": [
                "MIT"
            ],
            "authors": [
                {
                    "name": "Adrian Macneil",
                    "email": "adrian@adrianmacneil.com"
                },
                {
                    "name": "Omnipay Contributors",
                    "homepage": "https://github.com/thephpleague/omnipay-common/contributors"
                }
            ],
            "description": "Common components for Omnipay payment processing library",
            "homepage": "https://github.com/thephpleague/omnipay-common",
            "keywords": [
                "gateway",
                "merchant",
                "omnipay",
                "pay",
                "payment",
                "purchase"
            ],
            "time": "2015-03-30 14:34:46"
        },
        {
            "name": "openbuildings/flex-storage",
            "version": "0.1.3",
            "source": {
                "type": "git",
                "url": "https://github.com/OpenBuildings/flex-storage.git",
                "reference": "780d09228a3e4e5a3086c1f55592304502efe987"
            },
            "dist": {
                "type": "zip",
                "url": "https://api.github.com/repos/OpenBuildings/flex-storage/zipball/780d09228a3e4e5a3086c1f55592304502efe987",
                "reference": "780d09228a3e4e5a3086c1f55592304502efe987",
                "shasum": ""
            },
            "require": {
                "rackspace/php-opencloud": "1.5.*"
            },
            "type": "library",
            "autoload": {
                "psr-0": {
                    "Flex\\Storage\\": "src/"
                }
            },
            "notification-url": "https://packagist.org/downloads/",
            "license": [
                "BSD-3-Clause"
            ],
            "authors": [
                {
                    "name": "Ivan Kerin",
                    "email": "ivan@openbuildings.com",
                    "homepage": "https://github.com/OpenBuildings/jam",
                    "role": "Author"
                }
            ],
            "description": "Flexible storage provider for files (rackspace, aws, ftp, local)",
            "time": "2014-07-08 12:07:06"
        },
        {
            "name": "openbuildings/jam",
            "version": "0.5.8",
            "source": {
                "type": "git",
                "url": "https://github.com/OpenBuildings/jam.git",
                "reference": "9570f3045c0f3ca9ba27d10f4262c57fa0972426"
            },
            "dist": {
                "type": "zip",
                "url": "https://api.github.com/repos/OpenBuildings/jam/zipball/9570f3045c0f3ca9ba27d10f4262c57fa0972426",
                "reference": "9570f3045c0f3ca9ba27d10f4262c57fa0972426",
                "shasum": ""
            },
            "require": {
                "composer/installers": "*",
                "openbuildings/flex-storage": "0.1.*",
                "php": ">=5.3.0"
            },
            "require-dev": {
                "openbuildings/kohana-test-bootsrap": "0.1.*",
                "phpunit/phpunit-dom-assertions": "1.0.*@dev"
            },
            "suggest": {
                "openbuildings/jam-auth": "A Kohana Auth implementation for Jam, with services",
                "openbuildings/jam-closuretable": "Closuretable implementation for Jam ORM",
                "openbuildings/jam-monetary": "Convert and format currencies and amounts with a Jam field",
                "openbuildings/jam-tart": "Jam admin builder"
            },
            "type": "kohana-module",
            "notification-url": "https://packagist.org/downloads/",
            "license": [
                "BSD-3-Clause"
            ],
            "authors": [
                {
                    "name": "Ivan Kerin",
                    "email": "ivan@openbuildings.com",
                    "role": "Author"
                }
            ],
            "description": "Small but feature rich ORM, has extensible models and builders, baked in upload functionality, supporting multiple backends (rackspace, ftp), polymorphic associations, form builders, nested forms, validators",
            "homepage": "https://github.com/OpenBuildings/jam",
            "keywords": [
                "database",
                "form builder",
                "kohana",
                "orm",
                "upload",
                "validation"
            ],
            "time": "2015-07-17 13:21:45"
        },
        {
            "name": "openbuildings/jam-auth",
            "version": "0.4.0",
            "source": {
                "type": "git",
                "url": "https://github.com/OpenBuildings/jam-auth.git",
                "reference": "0d84564c6c9a0536d2f75d7dd4fbf405d88ec7d0"
            },
            "dist": {
                "type": "zip",
                "url": "https://api.github.com/repos/OpenBuildings/jam-auth/zipball/0d84564c6c9a0536d2f75d7dd4fbf405d88ec7d0",
                "reference": "0d84564c6c9a0536d2f75d7dd4fbf405d88ec7d0",
                "shasum": ""
            },
            "require": {
                "composer/installers": "*",
                "openbuildings/jam": "^0.5.0",
                "php": ">=5.3.0"
            },
            "require-dev": {
                "facebook/php-sdk-v4": "^5.0",
                "openbuildings/kohana-test-bootsrap": "^0.1.2"
            },
            "type": "kohana-module",
            "notification-url": "https://packagist.org/downloads/",
            "license": [
                "BSD-3-Clause"
            ],
            "authors": [
                {
                    "name": "Ivan Kerin",
                    "email": "ivan@openbuildings.com",
                    "role": "Author"
                }
            ],
            "description": "This is a Kohana Auth driver, for Jam",
            "homepage": "https://github.com/OpenBuildings/jam-auth",
            "keywords": [
                "Authentication",
                "auth",
                "facebook",
                "jam",
                "kohana",
                "login"
            ],
            "time": "2015-09-28 09:11:25"
        },
        {
            "name": "openbuildings/jam-closuretable",
            "version": "0.1.2",
            "source": {
                "type": "git",
                "url": "https://github.com/OpenBuildings/jam-closuretable.git",
                "reference": "9cefdc810e6a1e3dbc3322780394102b84e65918"
            },
            "dist": {
                "type": "zip",
                "url": "https://api.github.com/repos/OpenBuildings/jam-closuretable/zipball/9cefdc810e6a1e3dbc3322780394102b84e65918",
                "reference": "9cefdc810e6a1e3dbc3322780394102b84e65918",
                "shasum": ""
            },
            "require": {
                "composer/installers": "*",
                "openbuildings/jam": "~0.5.0",
                "php": ">=5.3.0"
            },
            "require-dev": {
                "openbuildings/kohana-test-bootsrap": "0.1.*"
            },
            "type": "kohana-module",
            "notification-url": "https://packagist.org/downloads/",
            "license": [
                "BSD-3-Clause"
            ],
            "authors": [
                {
                    "name": "Ivan Kerin",
                    "email": "ivan@openbuildings.com",
                    "role": "Author"
                }
            ],
            "description": "Closuretable behavior",
            "homepage": "https://github.com/OpenBuildings/jam-closuretable",
            "keywords": [
                "closuretable",
                "jam",
                "kohana",
                "nesting",
                "structure",
                "tree"
            ],
            "time": "2015-02-09 16:09:16"
        },
        {
            "name": "openbuildings/jam-locations",
            "version": "0.1.2",
            "source": {
                "type": "git",
                "url": "https://github.com/OpenBuildings/jam-locations.git",
                "reference": "af9ca9e817652a6c72a532bfe858b17ff42733b3"
            },
            "dist": {
                "type": "zip",
                "url": "https://api.github.com/repos/OpenBuildings/jam-locations/zipball/af9ca9e817652a6c72a532bfe858b17ff42733b3",
                "reference": "af9ca9e817652a6c72a532bfe858b17ff42733b3",
                "shasum": ""
            },
            "require": {
                "composer/installers": "*",
                "openbuildings/jam-closuretable": "0.1.*",
                "php": ">=5.3.0"
            },
            "require-dev": {
                "ext-geoip": "*",
                "openbuildings/environment-backup": "0.1.*",
                "openbuildings/kohana-test-bootsrap": "0.1.*"
            },
            "type": "kohana-module",
            "notification-url": "https://packagist.org/downloads/",
            "license": [
                "BSD-3-Clause"
            ],
            "authors": [
                {
                    "name": "Ivan Kerin",
                    "email": "ikerin@gmail.com",
                    "homepage": "http://www.openbuildings.com",
                    "role": "Author"
                }
            ],
            "description": "Geoip and IP integration",
            "homepage": "https://github.com/OpenBuildings/jam-locations",
            "keywords": [
                "city",
                "country",
                "geoip",
                "kohana",
                "location"
            ],
            "time": "2014-04-16 08:27:51"
        },
        {
            "name": "openbuildings/jam-monetary",
            "version": "0.1.19",
            "source": {
                "type": "git",
                "url": "https://github.com/OpenBuildings/jam-monetary.git",
                "reference": "b431213561995a67c8a08f2fcf543db9d2585311"
            },
            "dist": {
                "type": "zip",
                "url": "https://api.github.com/repos/OpenBuildings/jam-monetary/zipball/b431213561995a67c8a08f2fcf543db9d2585311",
                "reference": "b431213561995a67c8a08f2fcf543db9d2585311",
                "shasum": ""
            },
            "require": {
                "composer/installers": "*",
                "openbuildings/jam": "~0.5.0",
                "openbuildings/monetary": "~0.4.1",
                "php": ">=5.3.0"
            },
            "require-dev": {
                "openbuildings/kohana-test-bootsrap": "0.1.*"
            },
            "type": "kohana-module",
            "notification-url": "https://packagist.org/downloads/",
            "license": [
                "BSD-3-Clause"
            ],
            "authors": [
                {
                    "name": "Ivan Kerin",
                    "email": "ivan@openbuildings.com",
                    "role": "Author"
                }
            ],
            "description": "A Jam Field to transparently use 'monetary' as a jam field, and have currency exchange arithmetic out of the box",
            "homepage": "https://github.com/OpenBuildings/jam-monetary",
            "keywords": [
                "exchange",
                "jam",
                "kohana",
                "monetary",
                "money",
                "price"
            ],
            "time": "2015-02-09 16:48:03"
        },
        {
            "name": "openbuildings/monetary",
            "version": "0.4.1",
            "source": {
                "type": "git",
                "url": "https://github.com/OpenBuildings/monetary.git",
                "reference": "f05bc74cadc6d850b199705f10ee590aaf3bbd59"
            },
            "dist": {
                "type": "zip",
                "url": "https://api.github.com/repos/OpenBuildings/monetary/zipball/f05bc74cadc6d850b199705f10ee590aaf3bbd59",
                "reference": "f05bc74cadc6d850b199705f10ee590aaf3bbd59",
                "shasum": ""
            },
            "require": {
                "desarrolla2/cache": "1.6.*",
                "ext-curl": "*",
                "ext-simplexml": "*",
                "php": ">=5.3.0"
            },
            "require-dev": {
                "phpunit/phpunit": "~3.7.24"
            },
            "type": "library",
            "autoload": {
                "psr-0": {
                    "OpenBuildings\\Monetary\\": "src/"
                }
            },
            "notification-url": "https://packagist.org/downloads/",
            "license": [
                "BSD-3-Clause"
            ],
            "authors": [
                {
                    "name": "Ivan Kerin",
                    "email": "ivan@openbuildings.com",
                    "homepage": "https://github.com/OpenBuildings/jam",
                    "role": "Author"
                },
                {
                    "name": "Haralan Dobrev",
                    "email": "hdobrev@despark.com",
                    "homepage": "https://github.com/hkdobrev",
                    "role": "Author"
                },
                {
                    "name": "Yasen Yanev",
                    "email": "yasen@openbuildings.com",
                    "role": "Author"
                }
            ],
            "description": "Useful tool for formatting and converting currencies",
            "homepage": "https://github.com/OpenBuildings/monetary",
            "keywords": [
                "ECB",
                "conversion",
                "currencies",
                "exchange",
                "monetary",
                "money",
                "yahoo"
            ],
            "time": "2013-10-28 11:21:15"
        },
        {
            "name": "rackspace/php-opencloud",
            "version": "V1.5.10",
            "source": {
                "type": "git",
                "url": "https://github.com/rackspace/php-opencloud.git",
                "reference": "f4c4bbbae8b108c572b346a7cd350c62122451d5"
            },
            "dist": {
                "type": "zip",
                "url": "https://api.github.com/repos/rackspace/php-opencloud/zipball/f4c4bbbae8b108c572b346a7cd350c62122451d5",
                "reference": "f4c4bbbae8b108c572b346a7cd350c62122451d5",
                "shasum": ""
            },
            "require": {
                "ext-curl": "*",
                "php": ">=5.3.0"
            },
            "type": "library",
            "autoload": {
                "classmap": [
                    "lib/"
                ]
            },
            "notification-url": "https://packagist.org/downloads/",
            "license": [
                "MIT"
            ],
            "authors": [
                {
                    "name": "Glen Campbell",
                    "email": "glen.campbell@rackspace.com"
                },
                {
                    "name": "Jamie Hannaford",
                    "email": "jamie.hannaford@rackspace.com",
                    "homepage": "https://github.com/jamiehannaford"
                }
            ],
            "description": "Rackspace open cloud php library",
            "keywords": [
                "cloudfiles",
                "opencloud"
            ],
            "time": "2013-08-01 16:12:19"
        },
        {
            "name": "symfony/event-dispatcher",
            "version": "v2.7.5",
            "source": {
                "type": "git",
                "url": "https://github.com/symfony/event-dispatcher.git",
                "reference": "ae4dcc2a8d3de98bd794167a3ccda1311597c5d9"
            },
            "dist": {
                "type": "zip",
                "url": "https://api.github.com/repos/symfony/event-dispatcher/zipball/ae4dcc2a8d3de98bd794167a3ccda1311597c5d9",
                "reference": "ae4dcc2a8d3de98bd794167a3ccda1311597c5d9",
                "shasum": ""
            },
            "require": {
                "php": ">=5.3.9"
            },
            "require-dev": {
                "psr/log": "~1.0",
                "symfony/config": "~2.0,>=2.0.5",
                "symfony/dependency-injection": "~2.6",
                "symfony/expression-language": "~2.6",
                "symfony/phpunit-bridge": "~2.7",
                "symfony/stopwatch": "~2.3"
            },
            "suggest": {
                "symfony/dependency-injection": "",
                "symfony/http-kernel": ""
            },
            "type": "library",
            "extra": {
                "branch-alias": {
                    "dev-master": "2.7-dev"
                }
            },
            "autoload": {
                "psr-4": {
                    "Symfony\\Component\\EventDispatcher\\": ""
                }
            },
            "notification-url": "https://packagist.org/downloads/",
            "license": [
                "MIT"
            ],
            "authors": [
                {
                    "name": "Fabien Potencier",
                    "email": "fabien@symfony.com"
                },
                {
                    "name": "Symfony Community",
                    "homepage": "https://symfony.com/contributors"
                }
            ],
            "description": "Symfony EventDispatcher Component",
            "homepage": "https://symfony.com",
            "time": "2015-09-22 13:49:29"
        },
        {
            "name": "symfony/http-foundation",
            "version": "v2.7.5",
            "source": {
                "type": "git",
                "url": "https://github.com/symfony/http-foundation.git",
                "reference": "e1509119f164a0d0a940d7d924d693a7a28a5470"
            },
            "dist": {
                "type": "zip",
                "url": "https://api.github.com/repos/symfony/http-foundation/zipball/e1509119f164a0d0a940d7d924d693a7a28a5470",
                "reference": "e1509119f164a0d0a940d7d924d693a7a28a5470",
                "shasum": ""
            },
            "require": {
                "php": ">=5.3.9"
            },
            "require-dev": {
                "symfony/expression-language": "~2.4",
                "symfony/phpunit-bridge": "~2.7"
            },
            "type": "library",
            "extra": {
                "branch-alias": {
                    "dev-master": "2.7-dev"
                }
            },
            "autoload": {
                "psr-4": {
                    "Symfony\\Component\\HttpFoundation\\": ""
                },
                "classmap": [
                    "Resources/stubs"
                ]
            },
            "notification-url": "https://packagist.org/downloads/",
            "license": [
                "MIT"
            ],
            "authors": [
                {
                    "name": "Fabien Potencier",
                    "email": "fabien@symfony.com"
                },
                {
                    "name": "Symfony Community",
                    "homepage": "https://symfony.com/contributors"
                }
            ],
            "description": "Symfony HttpFoundation Component",
            "homepage": "https://symfony.com",
            "time": "2015-09-22 13:49:29"
        }
    ],
    "packages-dev": [
        {
            "name": "omnipay/dummy",
            "version": "v2.1.1",
            "source": {
                "type": "git",
                "url": "https://github.com/thephpleague/omnipay-dummy.git",
                "reference": "2e4d4b37114917b7b843bed3cd19bafdf22ad420"
            },
            "dist": {
                "type": "zip",
                "url": "https://api.github.com/repos/thephpleague/omnipay-dummy/zipball/2e4d4b37114917b7b843bed3cd19bafdf22ad420",
                "reference": "2e4d4b37114917b7b843bed3cd19bafdf22ad420",
                "shasum": ""
            },
            "require": {
                "omnipay/common": "~2.0"
            },
            "require-dev": {
                "omnipay/tests": "~2.0"
            },
            "type": "library",
            "extra": {
                "branch-alias": {
                    "dev-master": "2.0.x-dev"
                }
            },
            "autoload": {
                "psr-4": {
                    "Omnipay\\Dummy\\": "src/"
                }
            },
            "notification-url": "https://packagist.org/downloads/",
            "license": [
                "MIT"
            ],
            "authors": [
                {
                    "name": "Adrian Macneil",
                    "email": "adrian@adrianmacneil.com"
                },
                {
                    "name": "Omnipay Contributors",
                    "homepage": "https://github.com/thephpleague/omnipay-dummy/contributors"
                }
            ],
            "description": "Dummy driver for the Omnipay payment processing library",
            "homepage": "https://github.com/thephpleague/omnipay-dummy",
            "keywords": [
                "Dummy",
                "gateway",
                "merchant",
                "omnipay",
                "pay",
                "payment"
            ],
            "time": "2014-09-17 00:39:36"
        },
        {
            "name": "openbuildings/environment-backup",
            "version": "0.1.1",
            "source": {
                "type": "git",
                "url": "https://github.com/OpenBuildings/environment-backup.git",
                "reference": "382d388ec2a9d9c414965a20347671328ab0b1f2"
            },
            "dist": {
                "type": "zip",
                "url": "https://api.github.com/repos/OpenBuildings/environment-backup/zipball/382d388ec2a9d9c414965a20347671328ab0b1f2",
                "reference": "382d388ec2a9d9c414965a20347671328ab0b1f2",
                "shasum": ""
            },
            "require-dev": {
                "openbuildings/kohana-test-bootsrap": "dev-master"
            },
            "type": "library",
            "autoload": {
                "psr-0": {
                    "Openbuildings\\EnvironmentBackup\\": "src/"
                }
            },
            "notification-url": "https://packagist.org/downloads/",
            "license": [
                "BSD-3-Clause"
            ],
            "authors": [
                {
                    "name": "Ivan Kerin",
                    "email": "ivan@openbuildings.com",
                    "homepage": "https://github.com/OpenBuildings/jam",
                    "role": "Author"
                }
            ],
            "description": "Backup/restore environment variables: globals, static vars, configs",
            "time": "2013-07-24 07:26:52"
        },
        {
            "name": "openbuildings/kohana-test-bootsrap",
            "version": "0.1.2",
            "source": {
                "type": "git",
                "url": "https://github.com/OpenBuildings/kohana-test-bootstrap.git",
                "reference": "57c9cae9bd97edbe58d1c41c35c499c7d54f4030"
            },
            "dist": {
                "type": "zip",
                "url": "https://api.github.com/repos/OpenBuildings/kohana-test-bootstrap/zipball/57c9cae9bd97edbe58d1c41c35c499c7d54f4030",
                "reference": "57c9cae9bd97edbe58d1c41c35c499c7d54f4030",
                "shasum": ""
            },
            "type": "library",
            "autoload": {
                "files": [
                    "bootstrap.php"
                ]
            },
            "notification-url": "https://packagist.org/downloads/",
            "license": [
                "BSD-3-Clause"
            ],
            "authors": [
                {
                    "name": "Ivan Kerin",
                    "email": "ivan@openbuildings.com",
                    "homepage": "https://github.com/OpenBuildings/jam",
                    "role": "Author"
                }
            ],
            "description": "Kohana core classes repackaged with composer, used to test modules",
            "time": "2013-10-01 08:57:54"
        },
        {
            "name": "openbuildings/phpunit-spiderling",
            "version": "0.1.11",
            "source": {
                "type": "git",
                "url": "https://github.com/OpenBuildings/phpunit-spiderling.git",
                "reference": "68532f598dec15f583cf32d9ac5e921546e4c9a5"
            },
            "dist": {
                "type": "zip",
                "url": "https://api.github.com/repos/OpenBuildings/phpunit-spiderling/zipball/68532f598dec15f583cf32d9ac5e921546e4c9a5",
                "reference": "68532f598dec15f583cf32d9ac5e921546e4c9a5",
                "shasum": ""
            },
            "require": {
                "openbuildings/spiderling": "0.2.*"
            },
            "require-dev": {
                "openbuildings/kohana-test-bootsrap": "0.1.*",
                "se/selenium-server-standalone": "^2.43"
            },
            "type": "library",
            "autoload": {
                "psr-0": {
                    "Openbuildings\\PHPUnitSpiderling\\": "src/"
                }
            },
            "notification-url": "https://packagist.org/downloads/",
            "license": [
                "BSD-3-Clause"
            ],
            "authors": [
                {
                    "name": "Ivan Kerin",
                    "email": "ivan@openbuildings.com",
                    "role": "Author"
                }
            ],
            "description": "Use openbuildings/spiderling in phpunit tests",
            "time": "2015-09-03 16:43:15"
        },
        {
            "name": "openbuildings/spiderling",
            "version": "0.2.24",
            "source": {
                "type": "git",
                "url": "https://github.com/OpenBuildings/spiderling.git",
                "reference": "38982eb1e6c0e1712c2cfd263fd5cba50ebd7b04"
            },
            "dist": {
                "type": "zip",
                "url": "https://api.github.com/repos/OpenBuildings/spiderling/zipball/38982eb1e6c0e1712c2cfd263fd5cba50ebd7b04",
                "reference": "38982eb1e6c0e1712c2cfd263fd5cba50ebd7b04",
                "shasum": ""
            },
            "require": {
                "openbuildings/environment-backup": "~0.1.1",
                "symfony/css-selector": "^2.3"
            },
            "require-dev": {
                "openbuildings/kohana-test-bootsrap": "~0.1.2",
                "se/selenium-server-standalone": "2.40"
            },
            "type": "library",
            "autoload": {
                "psr-0": {
                    "Openbuildings\\Spiderling\\": "src/"
                }
            },
            "notification-url": "https://packagist.org/downloads/",
            "license": [
                "BSD-3-Clause"
            ],
            "authors": [
                {
                    "name": "Ivan Kerin",
                    "email": "ivan@openbuildings.com",
                    "role": "Author"
                }
            ],
            "description": "Crawl the web with kohana, phantomjs or selenium",
            "time": "2015-09-07 09:34:41"
        },
        {
            "name": "symfony/css-selector",
            "version": "v2.7.5",
            "source": {
                "type": "git",
                "url": "https://github.com/symfony/css-selector.git",
                "reference": "abe19cc0429a06be0c133056d1f9859854860970"
            },
            "dist": {
                "type": "zip",
                "url": "https://api.github.com/repos/symfony/css-selector/zipball/abe19cc0429a06be0c133056d1f9859854860970",
                "reference": "abe19cc0429a06be0c133056d1f9859854860970",
                "shasum": ""
            },
            "require": {
                "php": ">=5.3.9"
            },
            "require-dev": {
                "symfony/phpunit-bridge": "~2.7"
            },
            "type": "library",
            "extra": {
                "branch-alias": {
                    "dev-master": "2.7-dev"
                }
            },
            "autoload": {
                "psr-4": {
                    "Symfony\\Component\\CssSelector\\": ""
                }
            },
            "notification-url": "https://packagist.org/downloads/",
            "license": [
                "MIT"
            ],
            "authors": [
                {
                    "name": "Jean-François Simon",
                    "email": "jeanfrancois.simon@sensiolabs.com"
                },
                {
                    "name": "Fabien Potencier",
                    "email": "fabien@symfony.com"
                },
                {
                    "name": "Symfony Community",
                    "homepage": "https://symfony.com/contributors"
                }
            ],
            "description": "Symfony CssSelector Component",
            "homepage": "https://symfony.com",
            "time": "2015-09-22 13:49:29"
        }
    ],
    "aliases": [],
    "minimum-stability": "stable",
    "stability-flags": [],
    "prefer-stable": false,
    "prefer-lowest": false,
    "platform": {
        "php": ">=5.3.0"
    },
    "platform-dev": []
}
