{
    "_readme": [
        "This file locks the dependencies of your project to a known state",
        "Read more about it at http://getcomposer.org/doc/01-basic-usage.md#composer-lock-the-lock-file",
        "This file is @generated automatically"
    ],
    "hash": "cb9460ab2a50dc8a17d140eaa04f19b2",
    "packages": [
        {
            "name": "clippings/freezable",
            "version": "0.2.0",
            "source": {
                "type": "git",
                "url": "https://github.com/clippings/freezable.git",
                "reference": "8c3b74f2e5bca8811006f13aef8aeee99bd3e55a"
            },
            "dist": {
                "type": "zip",
                "url": "https://api.github.com/repos/clippings/freezable/zipball/8c3b74f2e5bca8811006f13aef8aeee99bd3e55a",
                "reference": "8c3b74f2e5bca8811006f13aef8aeee99bd3e55a",
                "shasum": ""
            },
            "require": {
                "php": ">=5.4"
            },
            "type": "library",
            "extra": {
                "branch-alias": {
                    "dev-master": "0.1.x-dev"
                }
            },
            "autoload": {
                "psr-4": {
                    "Clippings\\Freezable\\": "src/"
                }
            },
            "notification-url": "https://packagist.org/downloads/",
            "license": [
                "BSD-3-Clause"
            ],
            "authors": [
                {
                    "name": "Haralan Dobrev",
                    "email": "hkdobrev@gmail.com",
                    "role": "Author"
                }
            ],
            "description": "Freeze values in objects",
            "time": "2014-10-17 12:21:06"
        },
        {
            "name": "composer/installers",
            "version": "v1.0.18",
            "source": {
                "type": "git",
                "url": "https://github.com/composer/installers.git",
                "reference": "74fb0a7a1a23696d9c8cc2fba5903f6711cdd067"
            },
            "dist": {
                "type": "zip",
                "url": "https://api.github.com/repos/composer/installers/zipball/74fb0a7a1a23696d9c8cc2fba5903f6711cdd067",
                "reference": "74fb0a7a1a23696d9c8cc2fba5903f6711cdd067",
                "shasum": ""
            },
            "replace": {
                "roundcube/plugin-installer": "*",
                "shama/baton": "*"
            },
            "require-dev": {
                "composer/composer": "1.0.*@dev",
                "phpunit/phpunit": "4.1.*"
            },
            "type": "composer-installer",
            "extra": {
                "class": "Composer\\Installers\\Installer",
                "branch-alias": {
                    "dev-master": "1.0-dev"
                }
            },
            "autoload": {
                "psr-0": {
                    "Composer\\Installers\\": "src/"
                }
            },
            "notification-url": "https://packagist.org/downloads/",
            "license": [
                "MIT"
            ],
            "authors": [
                {
                    "name": "Kyle Robinson Young",
                    "email": "kyle@dontkry.com",
                    "homepage": "https://github.com/shama"
                }
            ],
            "description": "A multi-framework Composer library installer",
            "homepage": "http://composer.github.com/installers/",
            "keywords": [
                "Craft",
                "Dolibarr",
                "Hurad",
                "MODX Evo",
                "OXID",
                "WolfCMS",
                "agl",
                "annotatecms",
                "bitrix",
                "cakephp",
                "chef",
                "codeigniter",
                "concrete5",
                "croogo",
                "drupal",
                "elgg",
                "fuelphp",
                "installer",
                "joomla",
                "kohana",
                "laravel",
                "lithium",
                "magento",
                "mako",
                "mediawiki",
                "modulework",
                "moodle",
                "phpbb",
                "piwik",
                "ppi",
                "puppet",
                "roundcube",
                "shopware",
                "silverstripe",
                "symfony",
                "typo3",
                "wordpress",
                "zend",
                "zikula"
            ],
            "time": "2014-08-18 20:00:12"
        },
        {
            "name": "desarrolla2/cache",
            "version": "v1.6.0",
            "source": {
                "type": "git",
                "url": "https://github.com/desarrolla2/Cache.git",
                "reference": "8b6719695ac68380f11e89920ce456665079391e"
            },
            "dist": {
                "type": "zip",
                "url": "https://api.github.com/repos/desarrolla2/Cache/zipball/8b6719695ac68380f11e89920ce456665079391e",
                "reference": "8b6719695ac68380f11e89920ce456665079391e",
                "shasum": ""
            },
            "require": {
                "php": ">=5.3.0"
            },
            "require-dev": {
                "desarrolla2/timer": "dev-master",
                "raulfraile/ladybug": "master-dev"
            },
            "type": "library",
            "autoload": {
                "psr-0": {
                    "Desarrolla2\\Cache\\": "src/"
                }
            },
            "notification-url": "https://packagist.org/downloads/",
            "license": [
                "MIT"
            ],
            "authors": [
                {
                    "name": "Daniel González",
                    "homepage": "http://desarrolla2.com/",
                    "role": "Developer"
                }
            ],
            "description": "Provides an cache interface for several adapters (Apc, File, Mongo, Memcached, Mysql, ... )",
            "homepage": "https://github.com/desarrolla2/Cache/blob/master/README.md",
            "keywords": [
                "apc",
                "cache",
                "file",
                "memcached",
                "mongo",
                "mysql",
                "redis"
            ],
            "time": "2013-07-10 12:22:00"
        },
        {
            "name": "facebook/php-sdk",
            "version": "v3.2.3",
            "source": {
                "type": "git",
                "url": "https://github.com/facebook/facebook-php-sdk.git",
                "reference": "6714042fa2f5979d4c64c7d11fb4bcab16bdf6cb"
            },
            "dist": {
                "type": "zip",
                "url": "https://api.github.com/repos/facebook/facebook-php-sdk/zipball/6714042fa2f5979d4c64c7d11fb4bcab16bdf6cb",
                "reference": "6714042fa2f5979d4c64c7d11fb4bcab16bdf6cb",
                "shasum": ""
            },
            "require": {
                "ext-curl": "*",
                "ext-json": "*",
                "php": ">=5.2.0"
            },
            "require-dev": {
                "phpunit/phpunit": "3.7.*"
            },
            "type": "library",
            "autoload": {
                "classmap": [
                    "src"
                ]
            },
            "notification-url": "https://packagist.org/downloads/",
            "license": [
                "Apache2"
            ],
            "authors": [
                {
                    "name": "Facebook",
                    "homepage": "https://github.com/facebook/facebook-php-sdk/contributors"
                }
            ],
            "description": "Facebook PHP SDK",
            "homepage": "https://github.com/facebook/facebook-php-sdk",
            "keywords": [
                "facebook",
                "sdk"
            ],
            "time": "2013-11-19 23:11:14"
        },
        {
            "name": "openbuildings/emp",
            "version": "0.1.11",
            "source": {
                "type": "git",
                "url": "https://github.com/OpenBuildings/emp.git",
                "reference": "11fd3878bc0d24fdc65e376d36839b9983358554"
            },
            "dist": {
                "type": "zip",
                "url": "https://api.github.com/repos/OpenBuildings/emp/zipball/11fd3878bc0d24fdc65e376d36839b9983358554",
                "reference": "11fd3878bc0d24fdc65e376d36839b9983358554",
                "shasum": ""
            },
            "require": {
                "ext-curl": "*",
                "php": ">=5.3.0"
            },
            "type": "library",
            "autoload": {
                "psr-0": {
                    "Openbuildings\\Emp\\": "src/"
                }
            },
            "notification-url": "https://packagist.org/downloads/",
            "license": [
                "BSD-3-Clause"
            ],
            "authors": [
                {
                    "name": "Ivan Kerin",
                    "email": "ivan@openbuildings.com",
                    "role": "Author"
                },
                {
                    "name": "Haralan Dobrev",
                    "email": "hdobrev@despark.com"
                }
            ],
            "description": "Payments for eMerchantPay (EMP) https://www.emerchantpay.com/",
            "homepage": "https://github.com/OpenBuildings/emp",
            "keywords": [
                "EMP",
                "credit cards",
                "eMerchantPay",
                "money",
                "payments"
            ],
            "time": "2014-10-02 09:13:56"
        },
        {
            "name": "openbuildings/flex-storage",
            "version": "0.1.3",
            "source": {
                "type": "git",
                "url": "https://github.com/OpenBuildings/flex-storage.git",
                "reference": "780d09228a3e4e5a3086c1f55592304502efe987"
            },
            "dist": {
                "type": "zip",
                "url": "https://api.github.com/repos/OpenBuildings/flex-storage/zipball/780d09228a3e4e5a3086c1f55592304502efe987",
                "reference": "780d09228a3e4e5a3086c1f55592304502efe987",
                "shasum": ""
            },
            "require": {
                "rackspace/php-opencloud": "1.5.*"
            },
            "type": "library",
            "autoload": {
                "psr-0": {
                    "Flex\\Storage\\": "src/"
                }
            },
            "notification-url": "https://packagist.org/downloads/",
            "license": [
                "BSD-3-Clause"
            ],
            "authors": [
                {
                    "name": "Ivan Kerin",
                    "email": "ivan@openbuildings.com",
                    "homepage": "https://github.com/OpenBuildings/jam",
                    "role": "Author"
                }
            ],
            "description": "Flexible storage provider for files (rackspace, aws, ftp, local)",
            "time": "2014-07-08 12:07:06"
        },
        {
            "name": "openbuildings/jam",
            "version": "0.4.59",
            "source": {
                "type": "git",
                "url": "https://github.com/OpenBuildings/jam.git",
                "reference": "361bc4dd3a95c7f96962cc00e53add7b778525e0"
            },
            "dist": {
                "type": "zip",
                "url": "https://api.github.com/repos/OpenBuildings/jam/zipball/361bc4dd3a95c7f96962cc00e53add7b778525e0",
                "reference": "361bc4dd3a95c7f96962cc00e53add7b778525e0",
                "shasum": ""
            },
            "require": {
                "composer/installers": "*",
                "openbuildings/flex-storage": "0.1.*",
                "php": ">=5.3.0"
            },
            "require-dev": {
                "openbuildings/kohana-test-bootsrap": "0.1.*",
                "phpunit/phpunit-dom-assertions": "1.0.*@dev"
            },
            "suggest": {
                "openbuildings/jam-auth": "A Kohana Auth implementation for Jam, with services",
                "openbuildings/jam-closuretable": "Closuretable implementation for Jam ORM",
                "openbuildings/jam-monetary": "Convert and format currencies and amounts with a Jam field",
                "openbuildings/jam-tart": "Jam admin builder"
            },
            "type": "kohana-module",
            "notification-url": "https://packagist.org/downloads/",
            "license": [
                "BSD-3-Clause"
            ],
            "authors": [
                {
                    "name": "Ivan Kerin",
                    "email": "ivan@openbuildings.com",
                    "role": "Author"
                }
            ],
            "description": "Small but feature rich ORM, has extensible models and builders, baked in upload functionality, supporting multiple backends (rackspace, ftp), polymorphic associations, form builders, nested forms, validators",
            "homepage": "https://github.com/OpenBuildings/jam",
            "keywords": [
                "database",
                "form builder",
                "kohana",
                "orm",
                "upload",
                "validation"
            ],
            "time": "2014-09-26 08:35:49"
        },
        {
            "name": "openbuildings/jam-auth",
            "version": "0.2.3",
            "source": {
                "type": "git",
                "url": "https://github.com/OpenBuildings/jam-auth.git",
                "reference": "88097b132467b64e2985bc67ca218e162a33d7c1"
            },
            "dist": {
                "type": "zip",
                "url": "https://api.github.com/repos/OpenBuildings/jam-auth/zipball/88097b132467b64e2985bc67ca218e162a33d7c1",
                "reference": "88097b132467b64e2985bc67ca218e162a33d7c1",
                "shasum": ""
            },
            "require": {
                "composer/installers": "*",
                "facebook/php-sdk": "3.2.*",
                "openbuildings/jam": "0.4.*",
                "php": ">=5.3.0"
            },
            "require-dev": {
                "openbuildings/kohana-test-bootsrap": "0.1.*"
            },
            "type": "kohana-module",
            "notification-url": "https://packagist.org/downloads/",
            "license": [
                "BSD-3-Clause"
            ],
            "authors": [
                {
                    "name": "Ivan Kerin",
                    "email": "ivan@openbuildings.com",
                    "homepage": "https://github.com/OpenBuildings/jam",
                    "role": "Author"
                }
            ],
            "description": "This is a Kohana Auth driver, for Jam",
            "homepage": "https://github.com/OpenBuildings/jam-auth",
            "keywords": [
                "Authentication",
                "auth",
                "facebook",
                "jam",
                "kohana",
                "login"
            ],
            "time": "2013-09-18 07:28:00"
        },
        {
            "name": "openbuildings/jam-closuretable",
            "version": "0.1.1",
            "source": {
                "type": "git",
                "url": "https://github.com/OpenBuildings/jam-closuretable.git",
                "reference": "8f7179487394d3beff5b74ca3279ed6d135d77f3"
            },
            "dist": {
                "type": "zip",
                "url": "https://api.github.com/repos/OpenBuildings/jam-closuretable/zipball/8f7179487394d3beff5b74ca3279ed6d135d77f3",
                "reference": "8f7179487394d3beff5b74ca3279ed6d135d77f3",
                "shasum": ""
            },
            "require": {
                "composer/installers": "*",
                "openbuildings/jam": "0.4.*",
                "php": ">=5.3.0"
            },
            "require-dev": {
                "openbuildings/kohana-test-bootsrap": "0.1.*"
            },
            "type": "kohana-module",
            "notification-url": "https://packagist.org/downloads/",
            "license": [
                "BSD-3-Clause"
            ],
            "authors": [
                {
                    "name": "Ivan Kerin",
                    "email": "ivan@openbuildings.com",
                    "homepage": "https://github.com/OpenBuildings/jam",
                    "role": "Author"
                }
            ],
            "description": "Closuretable behavior",
            "homepage": "https://github.com/OpenBuildings/jam-closuretable",
            "keywords": [
                "closuretable",
                "jam",
                "kohana",
                "nesting",
                "structure",
                "tree"
            ],
            "time": "2014-04-09 10:14:18"
        },
        {
            "name": "openbuildings/jam-locations",
            "version": "0.1.2",
            "source": {
                "type": "git",
                "url": "https://github.com/OpenBuildings/jam-locations.git",
                "reference": "af9ca9e817652a6c72a532bfe858b17ff42733b3"
            },
            "dist": {
                "type": "zip",
                "url": "https://api.github.com/repos/OpenBuildings/jam-locations/zipball/af9ca9e817652a6c72a532bfe858b17ff42733b3",
                "reference": "af9ca9e817652a6c72a532bfe858b17ff42733b3",
                "shasum": ""
            },
            "require": {
                "composer/installers": "*",
                "openbuildings/jam-closuretable": "0.1.*",
                "php": ">=5.3.0"
            },
            "require-dev": {
                "ext-geoip": "*",
                "openbuildings/environment-backup": "0.1.*",
                "openbuildings/kohana-test-bootsrap": "0.1.*"
            },
            "type": "kohana-module",
            "notification-url": "https://packagist.org/downloads/",
            "license": [
                "BSD-3-Clause"
            ],
            "authors": [
                {
                    "name": "Ivan Kerin",
                    "email": "ikerin@gmail.com",
                    "homepage": "http://www.openbuildings.com",
                    "role": "Author"
                }
            ],
            "description": "Geoip and IP integration",
            "homepage": "https://github.com/OpenBuildings/jam-locations",
            "keywords": [
                "city",
                "country",
                "geoip",
                "kohana",
                "location"
            ],
            "time": "2014-04-16 08:27:51"
        },
        {
            "name": "openbuildings/jam-monetary",
            "version": "0.1.18",
            "source": {
                "type": "git",
                "url": "https://github.com/OpenBuildings/jam-monetary.git",
                "reference": "170df0dbfe292ad1db598473dbb061857f5a800b"
            },
            "dist": {
                "type": "zip",
                "url": "https://api.github.com/repos/OpenBuildings/jam-monetary/zipball/170df0dbfe292ad1db598473dbb061857f5a800b",
                "reference": "170df0dbfe292ad1db598473dbb061857f5a800b",
                "shasum": ""
            },
            "require": {
                "composer/installers": "*",
                "openbuildings/jam": "0.4.*",
                "openbuildings/monetary": "0.4.*",
                "php": ">=5.3.0"
            },
            "require-dev": {
                "openbuildings/kohana-test-bootsrap": "0.1.*"
            },
            "type": "kohana-module",
            "notification-url": "https://packagist.org/downloads/",
            "license": [
                "BSD-3-Clause"
            ],
            "authors": [
                {
                    "name": "Ivan Kerin",
                    "email": "ivan@openbuildings.com",
                    "homepage": "https://github.com/OpenBuildings/jam",
                    "role": "Author"
                }
            ],
            "description": "A Jam Field to transparently use 'monetary' as a jam field, and have currency exchange arithmetic out of the box",
            "homepage": "https://github.com/OpenBuildings/jam-monetary",
            "keywords": [
                "exchange",
                "jam",
                "kohana",
                "monetary",
                "money",
                "price"
            ],
            "time": "2014-01-06 15:00:53"
        },
        {
            "name": "openbuildings/monetary",
            "version": "0.4.1",
            "source": {
                "type": "git",
                "url": "https://github.com/OpenBuildings/monetary.git",
                "reference": "f05bc74cadc6d850b199705f10ee590aaf3bbd59"
            },
            "dist": {
                "type": "zip",
                "url": "https://api.github.com/repos/OpenBuildings/monetary/zipball/f05bc74cadc6d850b199705f10ee590aaf3bbd59",
                "reference": "f05bc74cadc6d850b199705f10ee590aaf3bbd59",
                "shasum": ""
            },
            "require": {
                "desarrolla2/cache": "1.6.*",
                "ext-curl": "*",
                "ext-simplexml": "*",
                "php": ">=5.3.0"
            },
            "require-dev": {
                "phpunit/phpunit": "~3.7.24"
            },
            "type": "library",
            "autoload": {
                "psr-0": {
                    "OpenBuildings\\Monetary\\": "src/"
                }
            },
            "notification-url": "https://packagist.org/downloads/",
            "license": [
                "BSD-3-Clause"
            ],
            "authors": [
                {
                    "name": "Ivan Kerin",
                    "email": "ivan@openbuildings.com",
                    "homepage": "https://github.com/OpenBuildings/jam",
                    "role": "Author"
                },
                {
                    "name": "Haralan Dobrev",
                    "email": "hdobrev@despark.com",
                    "homepage": "https://github.com/hkdobrev",
                    "role": "Author"
                },
                {
                    "name": "Yasen Yanev",
                    "email": "yasen@openbuildings.com",
                    "role": "Author"
                }
            ],
            "description": "Useful tool for formatting and converting currencies",
            "homepage": "https://github.com/OpenBuildings/monetary",
            "keywords": [
                "ECB",
                "conversion",
                "currencies",
                "exchange",
                "monetary",
                "money",
                "yahoo"
            ],
            "time": "2013-10-28 11:21:15"
        },
        {
            "name": "rackspace/php-opencloud",
            "version": "V1.5.10",
            "source": {
                "type": "git",
                "url": "https://github.com/rackspace/php-opencloud.git",
                "reference": "f4c4bbbae8b108c572b346a7cd350c62122451d5"
            },
            "dist": {
                "type": "zip",
                "url": "https://api.github.com/repos/rackspace/php-opencloud/zipball/f4c4bbbae8b108c572b346a7cd350c62122451d5",
                "reference": "f4c4bbbae8b108c572b346a7cd350c62122451d5",
                "shasum": ""
            },
            "require": {
                "ext-curl": "*",
                "php": ">=5.3.0"
            },
            "type": "library",
            "autoload": {
                "classmap": [
                    "lib/"
                ]
            },
            "notification-url": "https://packagist.org/downloads/",
            "license": [
                "MIT"
            ],
            "authors": [
                {
                    "name": "Glen Campbell",
                    "email": "glen.campbell@rackspace.com"
                },
                {
                    "name": "Jamie Hannaford",
                    "email": "jamie.hannaford@rackspace.com",
                    "homepage": "https://github.com/jamiehannaford"
                }
            ],
            "description": "Rackspace open cloud php library",
            "keywords": [
                "cloudfiles",
                "opencloud"
            ],
            "time": "2013-08-01 16:12:19"
        }
    ],
    "packages-dev": [
        {
            "name": "claylo/selenium-server-standalone",
            "version": "2.32.0",
            "source": {
                "type": "git",
                "url": "https://github.com/claylo/selenium-server-standalone.git",
                "reference": "8ceae6ce2b2257e7f0cee573640e77a3591af111"
            },
            "dist": {
                "type": "zip",
                "url": "https://api.github.com/repos/claylo/selenium-server-standalone/zipball/8ceae6ce2b2257e7f0cee573640e77a3591af111",
                "reference": "8ceae6ce2b2257e7f0cee573640e77a3591af111",
                "shasum": ""
            },
            "type": "library",
            "notification-url": "https://packagist.org/downloads/",
            "license": [
                "Apache-2.0"
            ],
            "authors": [
                {
                    "name": "OpenQA",
                    "homepage": "http://seleniumhq.org/"
                }
            ],
            "description": "Composer distribution of Selenium Server Standalone, the browser automation framework.",
            "keywords": [
                "selenium",
                "testing"
            ],
            "time": "2013-04-17 02:08:23"
        },
        {
            "name": "openbuildings/environment-backup",
            "version": "0.1.1",
            "source": {
                "type": "git",
                "url": "https://github.com/OpenBuildings/environment-backup.git",
                "reference": "382d388ec2a9d9c414965a20347671328ab0b1f2"
            },
            "dist": {
                "type": "zip",
                "url": "https://api.github.com/repos/OpenBuildings/environment-backup/zipball/382d388ec2a9d9c414965a20347671328ab0b1f2",
                "reference": "382d388ec2a9d9c414965a20347671328ab0b1f2",
                "shasum": ""
            },
            "require-dev": {
                "openbuildings/kohana-test-bootsrap": "dev-master"
            },
            "type": "library",
            "autoload": {
                "psr-0": {
                    "Openbuildings\\EnvironmentBackup\\": "src/"
                }
            },
            "notification-url": "https://packagist.org/downloads/",
            "license": [
                "BSD-3-Clause"
            ],
            "authors": [
                {
                    "name": "Ivan Kerin",
                    "email": "ivan@openbuildings.com",
                    "homepage": "https://github.com/OpenBuildings/jam",
                    "role": "Author"
                }
            ],
            "description": "Backup/restore environment variables: globals, static vars, configs",
            "time": "2013-07-24 07:26:52"
        },
        {
            "name": "openbuildings/kohana-test-bootsrap",
            "version": "0.1.2",
            "source": {
                "type": "git",
                "url": "https://github.com/OpenBuildings/kohana-test-bootstrap.git",
                "reference": "57c9cae9bd97edbe58d1c41c35c499c7d54f4030"
            },
            "dist": {
                "type": "zip",
                "url": "https://api.github.com/repos/OpenBuildings/kohana-test-bootstrap/zipball/57c9cae9bd97edbe58d1c41c35c499c7d54f4030",
                "reference": "57c9cae9bd97edbe58d1c41c35c499c7d54f4030",
                "shasum": ""
            },
            "type": "library",
            "autoload": {
                "files": [
                    "bootstrap.php"
                ]
            },
            "notification-url": "https://packagist.org/downloads/",
            "license": [
                "BSD-3-Clause"
            ],
            "authors": [
                {
                    "name": "Ivan Kerin",
                    "email": "ivan@openbuildings.com",
                    "homepage": "https://github.com/OpenBuildings/jam",
                    "role": "Author"
                }
            ],
            "description": "Kohana core classes repackaged with composer, used to test modules",
            "time": "2013-10-01 08:57:54"
        },
        {
            "name": "openbuildings/paypal",
            "version": "0.4.2",
            "source": {
                "type": "git",
                "url": "https://github.com/OpenBuildings/paypal.git",
                "reference": "f74e41699636c7906f86cd6462b64e1330928fc4"
            },
            "dist": {
                "type": "zip",
                "url": "https://api.github.com/repos/OpenBuildings/paypal/zipball/f74e41699636c7906f86cd6462b64e1330928fc4",
                "reference": "f74e41699636c7906f86cd6462b64e1330928fc4",
                "shasum": ""
            },
            "require": {
                "ext-curl": "*",
                "php": ">=5.3.5"
            },
            "require-dev": {
                "phpunit/phpunit": "3.7.*"
            },
            "type": "library",
            "autoload": {
                "psr-0": {
                    "OpenBuildings\\PayPal\\": "src/"
                }
            },
            "notification-url": "https://packagist.org/downloads/",
            "license": [
                "BSD-3-Clause"
            ],
            "authors": [
                {
                    "name": "Haralan Dobrev",
                    "email": "hkdobrev@gmail.com",
                    "homepage": "http://hkdobrev.blogspot.com",
                    "role": "Developer"
                }
            ],
            "description": "PayPal SDK for ExpressCheckout and AdaptivePayments. Supports recurring payments, simple payments, parallel payments and chained payments.",
            "keywords": [
                "AdaptivePayments",
                "ExpressCheckout",
                "api",
                "payments",
                "paypal"
            ],
            "time": "2014-02-06 20:42:21"
        },
        {
            "name": "openbuildings/phpunit-spiderling",
            "version": "0.1.9",
            "source": {
                "type": "git",
                "url": "https://github.com/OpenBuildings/phpunit-spiderling.git",
                "reference": "1556011990fc9f0a946fc26216785ab3aa4755cd"
            },
            "dist": {
                "type": "zip",
                "url": "https://api.github.com/repos/OpenBuildings/phpunit-spiderling/zipball/1556011990fc9f0a946fc26216785ab3aa4755cd",
                "reference": "1556011990fc9f0a946fc26216785ab3aa4755cd",
                "shasum": ""
            },
            "require": {
                "openbuildings/spiderling": "0.2.*"
            },
            "require-dev": {
                "claylo/selenium-server-standalone": "2.*",
                "openbuildings/kohana-test-bootsrap": "0.1.*"
            },
            "type": "library",
            "autoload": {
                "psr-0": {
                    "Openbuildings\\PHPUnitSpiderling\\": "src/"
                }
            },
            "notification-url": "https://packagist.org/downloads/",
            "license": [
                "BSD-3-Clause"
            ],
            "authors": [
                {
                    "name": "Ivan Kerin",
                    "email": "ivan@openbuildings.com",
                    "homepage": "https://github.com/OpenBuildings/jam",
                    "role": "Author"
                }
            ],
            "description": "Use openbuildings/spiderling in phpunit tests",
            "time": "2014-05-07 11:28:48"
        },
        {
            "name": "openbuildings/spiderling",
            "version": "0.2.16",
            "source": {
                "type": "git",
                "url": "https://github.com/OpenBuildings/spiderling.git",
                "reference": "332bc5b11049efaefd4595b1a77bbb6b401ca22f"
            },
            "dist": {
                "type": "zip",
                "url": "https://api.github.com/repos/OpenBuildings/spiderling/zipball/332bc5b11049efaefd4595b1a77bbb6b401ca22f",
                "reference": "332bc5b11049efaefd4595b1a77bbb6b401ca22f",
                "shasum": ""
            },
            "require": {
                "openbuildings/environment-backup": "0.1.*",
                "symfony/css-selector": "2.3.*"
            },
            "require-dev": {
                "claylo/selenium-server-standalone": "2.*",
                "openbuildings/kohana-test-bootsrap": "0.1.*"
            },
            "type": "library",
            "autoload": {
                "psr-0": {
                    "Openbuildings\\Spiderling\\": "src/"
                }
            },
            "notification-url": "https://packagist.org/downloads/",
            "license": [
                "BSD-3-Clause"
            ],
            "authors": [
                {
                    "name": "Ivan Kerin",
                    "email": "ivan@openbuildings.com",
                    "role": "Author"
                }
            ],
            "description": "Crawl the web with kohana, phantomjs or selenium",
            "time": "2014-09-11 11:14:42"
        },
        {
            "name": "paypal/rest-api-sdk-php",
            "version": "v0.13.1",
            "source": {
                "type": "git",
                "url": "https://github.com/paypal/rest-api-sdk-php.git",
                "reference": "dcc147ac7e3d2954ed56b70b4beb00b6d3d1b7e8"
            },
            "dist": {
                "type": "zip",
                "url": "https://api.github.com/repos/paypal/rest-api-sdk-php/zipball/dcc147ac7e3d2954ed56b70b4beb00b6d3d1b7e8",
                "reference": "dcc147ac7e3d2954ed56b70b4beb00b6d3d1b7e8",
                "shasum": ""
            },
            "require": {
                "ext-curl": "*",
                "ext-json": "*",
                "php": ">=5.3.0"
            },
            "require-dev": {
                "phpunit/phpunit": "3.7.*"
            },
            "type": "library",
            "autoload": {
                "psr-0": {
                    "PayPal": "lib/"
                }
            },
            "notification-url": "https://packagist.org/downloads/",
            "license": [
                "Apache2"
            ],
            "authors": [
                {
                    "name": "PayPal",
                    "homepage": "https://github.com/paypal/rest-api-sdk-php/contributors"
                }
            ],
            "description": "PayPal's PHP SDK for REST APIs",
            "homepage": "https://github.com/paypal/rest-api-sdk-php",
            "keywords": [
                "payments",
                "paypal",
                "rest",
                "sdk"
            ],
            "time": "2014-10-15 21:06:08"
        },
        {
            "name": "symfony/css-selector",
            "version": "v2.3.20",
            "target-dir": "Symfony/Component/CssSelector",
            "source": {
                "type": "git",
                "url": "https://github.com/symfony/CssSelector.git",
                "reference": "9b320f7b6baa094032996e3e7170ced7405f64f3"
            },
            "dist": {
                "type": "zip",
                "url": "https://api.github.com/repos/symfony/CssSelector/zipball/9b320f7b6baa094032996e3e7170ced7405f64f3",
                "reference": "9b320f7b6baa094032996e3e7170ced7405f64f3",
                "shasum": ""
            },
            "require": {
                "php": ">=5.3.3"
            },
            "type": "library",
            "extra": {
                "branch-alias": {
                    "dev-master": "2.3-dev"
                }
            },
            "autoload": {
                "psr-0": {
                    "Symfony\\Component\\CssSelector\\": ""
                }
            },
            "notification-url": "https://packagist.org/downloads/",
            "license": [
                "MIT"
            ],
            "authors": [
                {
                    "name": "Symfony Community",
                    "homepage": "http://symfony.com/contributors"
                },
                {
                    "name": "Jean-François Simon",
                    "email": "jeanfrancois.simon@sensiolabs.com"
                },
                {
                    "name": "Fabien Potencier",
                    "email": "fabien@symfony.com"
                }
            ],
            "description": "Symfony CssSelector Component",
            "homepage": "http://symfony.com",
            "time": "2014-09-22 08:32:35"
        }
    ],
    "aliases": [],
    "minimum-stability": "stable",
    "stability-flags": [],
    "prefer-stable": false,
    "platform": {
        "php": ">=5.3.0"
    },
    "platform-dev": []
}
